
Microsoft Visual Studio Solution File, Format Version 11.00
# Visual Studio 2010
Project("{FAE04EC0-301F-11D3-BF4B-00C04F79EFBC}") = "Test12", "Test12\Test12.csproj", "{2CE6D0F5-C81E-43B0-89A7-E2BD113FB611}"
EndProject
Global
	GlobalSection(SolutionConfigurationPlatforms) = preSolution
		Debug|Any CPU = Debug|Any CPU
		Release|Any CPU = Release|Any CPU
	EndGlobalSection
	GlobalSection(ProjectConfigurationPlatforms) = postSolution
		{2CE6D0F5-C81E-43B0-89A7-E2BD113FB611}.Debug|Any CPU.ActiveCfg = Debug|Any CPU
		{2CE6D0F5-C81E-43B0-89A7-E2BD113FB611}.Debug|Any CPU.Build.0 = Debug|Any CPU
		{2CE6D0F5-C81E-43B0-89A7-E2BD113FB611}.Release|Any CPU.ActiveCfg = Release|Any CPU
		{2CE6D0F5-C81E-43B0-89A7-E2BD113FB611}.Release|Any CPU.Build.0 = Release|Any CPU
	EndGlobalSection
	GlobalSection(SolutionProperties) = preSolution
		HideSolutionNode = FALSE
	EndGlobalSection
EndGlobal
