
Microsoft Visual Studio Solution File, Format Version 11.00
# Visual Studio 2010
Project("{54435603-DBB4-11D2-8724-00A0C9A8B90C}") = "MyGis", "MyGis\MyGis.vdproj", "{A7964289-0628-4405-8A06-E1C38F146E0B}"
EndProject
Global
	GlobalSection(SolutionConfigurationPlatforms) = preSolution
		Debug|Default = Debug|Default
		Release|Default = Release|Default
	EndGlobalSection
	GlobalSection(ProjectConfigurationPlatforms) = postSolution
		{A7964289-0628-4405-8A06-E1C38F146E0B}.Debug|Default.ActiveCfg = Debug
		{A7964289-0628-4405-8A06-E1C38F146E0B}.Debug|Default.Build.0 = Debug
		{A7964289-0628-4405-8A06-E1C38F146E0B}.Release|Default.ActiveCfg = Release
		{A7964289-0628-4405-8A06-E1C38F146E0B}.Release|Default.Build.0 = Release
	EndGlobalSection
	GlobalSection(SolutionProperties) = preSolution
		HideSolutionNode = FALSE
	EndGlobalSection
EndGlobal
