
Microsoft Visual Studio Solution File, Format Version 11.00
# Visual Studio 2010
Project("{FAE04EC0-301F-11D3-BF4B-00C04F79EFBC}") = "Test03", "Test03\Test03.csproj", "{006B2D11-443C-435E-A26D-5A733182D843}"
EndProject
Global
	GlobalSection(SolutionConfigurationPlatforms) = preSolution
		Debug|Any CPU = Debug|Any CPU
		Release|Any CPU = Release|Any CPU
	EndGlobalSection
	GlobalSection(ProjectConfigurationPlatforms) = postSolution
		{006B2D11-443C-435E-A26D-5A733182D843}.Debug|Any CPU.ActiveCfg = Debug|Any CPU
		{006B2D11-443C-435E-A26D-5A733182D843}.Debug|Any CPU.Build.0 = Debug|Any CPU
		{006B2D11-443C-435E-A26D-5A733182D843}.Release|Any CPU.ActiveCfg = Release|Any CPU
		{006B2D11-443C-435E-A26D-5A733182D843}.Release|Any CPU.Build.0 = Release|Any CPU
	EndGlobalSection
	GlobalSection(SolutionProperties) = preSolution
		HideSolutionNode = FALSE
	EndGlobalSection
EndGlobal
